{
    "_meta": {
        "hash": {
            "sha256": "2739e055bf6c3f47728a06a21eb41f6e44f32c869610cac9ac7e65befb6ea9bb"
        },
        "pipfile-spec": 6,
        "requires": {
            "python_version": "3.6"
        },
        "sources": [
            {
                "name": "pypi",
                "url": "https://pypi.python.org/simple",
                "verify_ssl": true
            }
        ]
    },
    "default": {
        "click": {
            "hashes": [
                "sha256:29f99fc6125fbc931b758dc053b3114e55c77a6e4c6c3a2674a2dc986016381d",
                "sha256:f15516df478d5a56180fbf80e68f206010e6d160fc39fa508b65e035fd75130b"
            ],
            "version": "==6.7"
        },
        "cylgame": {
            "hashes": [
                "sha256:7b7dde4db3780afbf84c312befce50dd16ac9edcff8c7e7755bcc3119e44f74f"
            ],
            "index": "pypi",
            "version": "==1.6.24"
        },
        "flask": {
            "hashes": [
                "sha256:2271c0070dbcb5275fad4a82e29f23ab92682dc45f9dfbc22c02ba9b9322ce48",
                "sha256:a080b744b7e345ccfcbc77954861cb05b3c63786e93f2b3875e0913d44b43f05"
            ],
            "version": "==1.0.2"
        },
        "flask-classful": {
            "hashes": [
                "sha256:24c250353eadadc29118088f0c899c24eb8fca8123c91adc212bc6837c796e0a",
                "sha256:f5250d2908e94cf5530d6e4cfd199b9c846b3ef571742a7a211405aee2ec1736"
            ],
            "version": "==0.14.1"
        },
        "flask-compress": {
            "hashes": [
                "sha256:468693f4ddd11ac6a41bca4eb5f94b071b763256d54136f77957cfee635badb3"
            ],
            "version": "==1.4.0"
        },
        "flask-markdown": {
            "hashes": [
                "sha256:d8c3f02545b395ad525b86760ad721a2c50efa3b8e602a8d486a1f47f68c6250"
            ],
            "version": "==0.3"
        },
        "future": {
            "hashes": [
                "sha256:e39ced1ab767b5936646cedba8bcce582398233d6a627067d4c6a454c90cfedb"
            ],
            "version": "==0.16.0"
        },
        "gevent": {
            "hashes": [
                "sha256:03fe0f67ff90bbece0b1b606cc55eabc3b8db3d3461cd01266fcabc574c6a4dc",
                "sha256:09773f14be61e784adbffdd892e564fdf879dbc486a906b2cc5053992152ec3c",
                "sha256:15fc5c51a78b50330003741f5c54a77290e8929e3975ba6c3db68eb07fc2f563",
                "sha256:189fa61ef3951cf56292e1830c124850e3bb1ac43b071115645bd35b1a5dc211",
                "sha256:22edd02365fc8ff3cd69d76074ccddb458775c6d4b312f989715cd18576f2cf3",
                "sha256:256aa2a24625a4442450760fe20ff69bb5b1cf76166860878f1d947df1bab5f1",
                "sha256:382b8646f5969d411a80acab4f7d7711a8d88e57b6ff5f798e25dcb0ab596f5e",
                "sha256:4229ba23b3d401720a56b950fd075afecbc2303109cf68158a98e76a674964f4",
                "sha256:4307d0c3de114501c975151d0c77a76ad8e08e364b378a10d8aa089bac805f6b",
                "sha256:475373fefd8d6855b834a86ed57498c4f859591b62c59f990ab50021c7795c25",
                "sha256:48705fdfa6a7feb242c9c8aeb188e26cb7c037cba5099b91ad979f844131a3a2",
                "sha256:588cad33325a6d19cfeef694b91734d329e4c82712266549805dc3adeedfa55c",
                "sha256:5eeec334778cbad059b54fc468b0690db6794fe12a1dada7b70924d1c9ffbeac",
                "sha256:6f1a5288397308a7459abadd67650fc659ab269e38c67dceefb28971284ad9e6",
                "sha256:81247b662aa497f766c3ba09f8164220fa4fbb1e9e589b581eaa57a0a1d566d0",
                "sha256:8b5fb3ec430edb6850b87f0f94bd67c8292b639f273bd449ac10ed86abb2d9bd",
                "sha256:a853c64e05dafdf9ff241c7bf62d711b16031a19fd5849d1e7474c6a0b7dbf6f",
                "sha256:c4fcd4aaee73f5ea2c13bac4304165fd9fd11e7dfde2ef4e8435fd30931aab69",
                "sha256:d3c7c49db608c86cd6d09ea6d581ce14a236d55169cc2d6bab94f14b5fe2f1c3",
                "sha256:d575a049468a90bd7a14944301e327ae8473746f6898e65ee186a79d5c77a621",
                "sha256:d87a66f5ab6784096d66ba1eeaa9758cb1c243114c78915fb64ede73d7cd5ab4"
            ],
            "version": "==1.3.2.post0"
        },
        "greenlet": {
            "hashes": [
                "sha256:09ef2636ea35782364c830f07127d6c7a70542b178268714a9a9ba16318e7e8b",
                "sha256:0fef83d43bf87a5196c91e73cb9772f945a4caaff91242766c5916d1dd1381e4",
                "sha256:1b7df09c6598f5cfb40f843ade14ed1eb40596e75cd79b6fa2efc750ba01bb01",
                "sha256:1fff21a2da5f9e03ddc5bd99131a6b8edf3d7f9d6bc29ba21784323d17806ed7",
                "sha256:42118bf608e0288e35304b449a2d87e2ba77d1e373e8aa221ccdea073de026fa",
                "sha256:50643fd6d54fd919f9a0a577c5f7b71f5d21f0959ab48767bd4bb73ae0839500",
                "sha256:58798b5d30054bb4f6cf0f712f08e6092df23a718b69000786634a265e8911a9",
                "sha256:5b49b3049697aeae17ef7bf21267e69972d9e04917658b4e788986ea5cc518e8",
                "sha256:75c413551a436b462d5929255b6dc9c0c3c2b25cbeaee5271a56c7fda8ca49c0",
                "sha256:769b740aeebd584cd59232be84fdcaf6270b8adc356596cdea5b2152c82caaac",
                "sha256:ad2383d39f13534f3ca5c48fe1fc0975676846dc39c2cece78c0f1f9891418e0",
                "sha256:b417bb7ff680d43e7bd7a13e2e08956fa6acb11fd432f74c97b7664f8bdb6ec1",
                "sha256:b6ef0cabaf5a6ecb5ac122e689d25ba12433a90c7b067b12e5f28bdb7fb78254",
                "sha256:c2de19c88bdb0366c976cc125dca1002ec1b346989d59524178adfd395e62421",
                "sha256:c7b04a6dc74087b1598de8d713198de4718fa30ec6cbb84959b26426c198e041",
                "sha256:f8f2a0ae8de0b49c7b5b2daca4f150fdd9c1173e854df2cce3b04123244f9f45",
                "sha256:fcfadaf4bf68a27e5dc2f42cbb2f4b4ceea9f05d1d0b8f7787e640bed2801634"
            ],
            "markers": "platform_python_implementation == 'CPython'",
            "version": "==0.4.13"
        },
        "itsdangerous": {
            "hashes": [
                "sha256:cbb3fcf8d3e33df861709ecaf89d9e6629cff0a217bc2848f1b41cd30d360519"
            ],
            "version": "==0.24"
        },
        "jinja2": {
            "hashes": [
                "sha256:74c935a1b8bb9a3947c50a54766a969d4846290e1e788ea44c1392163723c3bd",
                "sha256:f84be1bb0040caca4cea721fcbbbbd61f9be9464ca236387158b0feea01914a4"
            ],
            "version": "==2.10"
        },
        "littlepython": {
            "hashes": [
                "sha256:38465e8af386f90b102d7d997b3ab44083b2b35fa8c5ac5b7ede79f6ef46ff10"
            ],
            "version": "==0.4.11"
        },
        "markdown": {
            "hashes": [
                "sha256:9ba587db9daee7ec761cfc656272be6aabe2ed300fece21208e4aab2e457bc8f",
                "sha256:a856869c7ff079ad84a3e19cd87a64998350c2b94e9e08e44270faef33400f81"
            ],
            "version": "==2.6.11"
        },
        "markupsafe": {
            "hashes": [
                "sha256:a6be69091dac236ea9c6bc7d012beab42010fa914c459791d627dad4910eb665"
            ],
            "version": "==1.0"
        },
        "msgpack": {
            "hashes": [
                "sha256:0b3b1773d2693c70598585a34ca2715873ba899565f0a7c9a1545baef7e7fbdc",
                "sha256:0bae5d1538c5c6a75642f75a1781f3ac2275d744a92af1a453c150da3446138b",
                "sha256:0ee8c8c85aa651be3aa0cd005b5931769eaa658c948ce79428766f1bd46ae2c3",
                "sha256:1369f9edba9500c7a6489b70fdfac773e925342f4531f1e3d4c20ac3173b1ae0",
                "sha256:22d9c929d1d539f37da3d1b0e16270fa9d46107beab8c0d4d2bddffffe895cee",
                "sha256:2ff43e3247a1e11d544017bb26f580a68306cec7a6257d8818893c1fda665f42",
                "sha256:31a98047355d34d047fcdb55b09cb19f633cf214c705a765bd745456c142130c",
                "sha256:8767eb0032732c3a0da92cbec5ac186ef89a3258c6edca09161472ca0206c45f",
                "sha256:8acc8910218555044e23826980b950e96685dc48124a290c86f6f41a296ea172",
                "sha256:ab189a6365be1860a5ecf8159c248f12d33f79ea799ae9695fa6a29896dcf1d4",
                "sha256:cfd6535feb0f1cf1c7cdb25773e965cc9f92928244a8c3ef6f8f8a8e1f7ae5c4",
                "sha256:e274cd4480d8c76ec467a85a9c6635bbf2258f0649040560382ab58cabb44bcf",
                "sha256:f86642d60dca13e93260187d56c2bef2487aa4d574a669e8ceefcf9f4c26fd00",
                "sha256:f8a57cbda46a94ed0db55b73e6ab0c15e78b4ede8690fa491a0e55128d552bb0",
                "sha256:fcea97a352416afcbccd7af9625159d80704a25c519c251c734527329bb20d0e"
            ],
            "version": "==0.5.6"
        },
        "pycryptodome": {
            "hashes": [
                "sha256:043c82cd3dd3120286a1b325ace93000cf52abb13a067c3ecb6220f874fe4c30",
                "sha256:0cdd73492859d853f60b8185715312dbca465879661e28d354d1cf5ea11860e7",
                "sha256:15013007e393d0cc0e69f4329a47c4c8597b7f3d02c12c03f805405542f70c71",
                "sha256:19d81b92bff837cdade735b9023808556bb4868e1ce194dad4d5ec4e2b2851f3",
                "sha256:1ceb3e87605c4f0080115a8a00abf45f5df27b0166a37fd669fbff4523273cfc",
                "sha256:2354a77051ed4a2959ce2aac508071eb3e42fc348ea39228b2eac335990bf508",
                "sha256:27bd2878200690b050dca34f505b5c623532324b3de40267c1484784063134df",
                "sha256:322f239e51fda80233762400a8975ab728639b571fa58545b95b9c44042af010",
                "sha256:49a71eb990af30ff6276cfe201eb83ed3640ae989c1b5973f7b55a46c94232d1",
                "sha256:4b5a2680008da3ac0cef2d3661597e0cbf8a3eb19eed35b859fd67e2de63eb85",
                "sha256:6d34fe5134eb5d62368e21e6f203ac1770bc7273e9536c4a280121312c2de53a",
                "sha256:733d5eb7e5ceed8b9d0b3c24c81f52c04cb5de6786461388204fceefe4456aa5",
                "sha256:7c73d3798fe2946953768b788ce554c0d4b390780f5e73d63bd833241af27bfe",
                "sha256:97af76f5200f15e97cac58d77f319dec40b4bada98de697c91a9517e63b41d1a",
                "sha256:97cc46ff02b99dafdc2e0385b325cec0f8a15bf8b285d6ed1d7e4a3bc2067ce1",
                "sha256:a561b59e0c3548eb649af381b7c38c6fd8392bbd4d0a8214794b2b761f405af4",
                "sha256:ab2c633bfc23cf41be9281228517cb6f87879f4f1aeb154ed72bd53ab7cc83e9",
                "sha256:adb54316998337f315520bbd8ef4d8bbd940b4ddfaef8ba1db3c137c5e499399",
                "sha256:b4a3b710287eb1fc3e2cc1af018063f003530dff00c9ea4c55ae19bc1f3923cc",
                "sha256:bcfdb66d6604882c3f96eea922552c2487cc0aec4b883cd217b9d341d2f8fad0",
                "sha256:c08c053eb8716bbbd5e13e38f453b9e46a063e68df8659f3c421dcb7519fd381",
                "sha256:e51da4ef9d9e2695a04044152f380c2db17adc9fc6fad8e24d863ead9cd548ed",
                "sha256:e850e07f54dc3de9a1efdd59d227fcd1cb30cdd307dafdc647c79e8f30cf5032",
                "sha256:ebc579c41fe26748dc1bad4f9105f08740ee28826293a28103b3875968695a5e",
                "sha256:ed94cb1b4bf24be734f2bf2db3e8ea75f3914d2f8e684291bee54bbe4a5a9151",
                "sha256:f5e19802295e63bdf83bb92849285c01f7167840efb1c1e08507a50b10ba7efa",
                "sha256:fc569682f012b1f62f8d28d8f9bc71f1de67648cd1bc124ef8ccf8db4edfc28a"
            ],
            "version": "==3.6.1"
        },
        "ujson": {
            "hashes": [
                "sha256:f66073e5506e91d204ab0c614a148d5aa938bdbf104751be66f8ad7a222f5f86"
            ],
            "version": "==1.35"
        },
        "werkzeug": {
            "hashes": [
                "sha256:c3fd7a7d41976d9f44db327260e263132466836cef6f91512889ed60ad26557c",
                "sha256:d5da73735293558eb1651ee2fddc4d0dedcfa06538b8813a2e20011583c9e49b"
            ],
            "version": "==0.14.1"
        }
    },
    "develop": {}
}
